
Microsoft Visual Studio Solution File, Format Version 12.00
# Visual Studio Version 16
VisualStudioVersion = 16.0.31613.86
MinimumVisualStudioVersion = 10.0.40219.1
Project("{9A19103F-16F7-4668-BE54-9A1E7A4F7556}") = "Client", "ConsoleEK\Client.csproj", "{30FBE595-4597-4AD5-B404-3F047AAE50D9}"
EndProject
Project("{9A19103F-16F7-4668-BE54-9A1E7A4F7556}") = "Server", "Server\Server.csproj", "{4E0DD7D3-10CF-499B-AF18-D193750E088F}"
EndProject
Project("{FAE04EC0-301F-11D3-BF4B-00C04F79EFBC}") = "ExplodingKittenLib", "ExplodingKittenLib\ExplodingKittenLib.csproj", "{5B83199A-61E6-4A96-83B4-FEF606CC5EB8}"
EndProject
Project("{FAE04EC0-301F-11D3-BF4B-00C04F79EFBC}") = "SplashKitGUI", "SplashKitGUI\SplashKitGUI.csproj", "{17CF21C2-39C8-4903-980C-28986D22474B}"
EndProject
Global
	GlobalSection(SolutionConfigurationPlatforms) = preSolution
		Debug|Any CPU = Debug|Any CPU
		Release|Any CPU = Release|Any CPU
	EndGlobalSection
	GlobalSection(ProjectConfigurationPlatforms) = postSolution
		{30FBE595-4597-4AD5-B404-3F047AAE50D9}.Debug|Any CPU.ActiveCfg = Debug|Any CPU
		{30FBE595-4597-4AD5-B404-3F047AAE50D9}.Debug|Any CPU.Build.0 = Debug|Any CPU
		{30FBE595-4597-4AD5-B404-3F047AAE50D9}.Release|Any CPU.ActiveCfg = Release|Any CPU
		{30FBE595-4597-4AD5-B404-3F047AAE50D9}.Release|Any CPU.Build.0 = Release|Any CPU
		{4E0DD7D3-10CF-499B-AF18-D193750E088F}.Debug|Any CPU.ActiveCfg = Debug|Any CPU
		{4E0DD7D3-10CF-499B-AF18-D193750E088F}.Debug|Any CPU.Build.0 = Debug|Any CPU
		{4E0DD7D3-10CF-499B-AF18-D193750E088F}.Release|Any CPU.ActiveCfg = Release|Any CPU
		{4E0DD7D3-10CF-499B-AF18-D193750E088F}.Release|Any CPU.Build.0 = Release|Any CPU
		{5B83199A-61E6-4A96-83B4-FEF606CC5EB8}.Debug|Any CPU.ActiveCfg = Debug|Any CPU
		{5B83199A-61E6-4A96-83B4-FEF606CC5EB8}.Debug|Any CPU.Build.0 = Debug|Any CPU
		{5B83199A-61E6-4A96-83B4-FEF606CC5EB8}.Release|Any CPU.ActiveCfg = Release|Any CPU
		{5B83199A-61E6-4A96-83B4-FEF606CC5EB8}.Release|Any CPU.Build.0 = Release|Any CPU
		{17CF21C2-39C8-4903-980C-28986D22474B}.Debug|Any CPU.ActiveCfg = Debug|Any CPU
		{17CF21C2-39C8-4903-980C-28986D22474B}.Debug|Any CPU.Build.0 = Debug|Any CPU
		{17CF21C2-39C8-4903-980C-28986D22474B}.Release|Any CPU.ActiveCfg = Release|Any CPU
		{17CF21C2-39C8-4903-980C-28986D22474B}.Release|Any CPU.Build.0 = Release|Any CPU
	EndGlobalSection
	GlobalSection(SolutionProperties) = preSolution
		HideSolutionNode = FALSE
	EndGlobalSection
	GlobalSection(ExtensibilityGlobals) = postSolution
		SolutionGuid = {A5EDDADB-9DE8-4DE2-A4F2-27E10C52DB50}
	EndGlobalSection
EndGlobal
